
Microsoft Visual Studio Solution File, Format Version 12.00
# Visual Studio 15
VisualStudioVersion = 15.0.27130.2027
MinimumVisualStudioVersion = 10.0.40219.1
Project("{FAE04EC0-301F-11D3-BF4B-00C04F79EFBC}") = "NPA.Spreadsheet.Test", "NPA.Spreadsheet.Test\NPA.Spreadsheet.Test.csproj", "{77BD1BC8-E3A0-4F58-922C-F6FD541FB3F2}"
EndProject
Project("{FAE04EC0-301F-11D3-BF4B-00C04F79EFBC}") = "NPA.Spreadsheet", "NPA.Spreadsheet\NPA.Spreadsheet.csproj", "{1FEA7C79-D31A-43B6-9437-74A9E790083D}"
EndProject
Global
	GlobalSection(SolutionConfigurationPlatforms) = preSolution
		Debug|Any CPU = Debug|Any CPU
		Release|Any CPU = Release|Any CPU
	EndGlobalSection
	GlobalSection(ProjectConfigurationPlatforms) = postSolution
		{77BD1BC8-E3A0-4F58-922C-F6FD541FB3F2}.Debug|Any CPU.ActiveCfg = Debug|Any CPU
		{77BD1BC8-E3A0-4F58-922C-F6FD541FB3F2}.Debug|Any CPU.Build.0 = Debug|Any CPU
		{77BD1BC8-E3A0-4F58-922C-F6FD541FB3F2}.Release|Any CPU.ActiveCfg = Release|Any CPU
		{77BD1BC8-E3A0-4F58-922C-F6FD541FB3F2}.Release|Any CPU.Build.0 = Release|Any CPU
		{1FEA7C79-D31A-43B6-9437-74A9E790083D}.Debug|Any CPU.ActiveCfg = Debug|Any CPU
		{1FEA7C79-D31A-43B6-9437-74A9E790083D}.Debug|Any CPU.Build.0 = Debug|Any CPU
		{1FEA7C79-D31A-43B6-9437-74A9E790083D}.Release|Any CPU.ActiveCfg = Release|Any CPU
		{1FEA7C79-D31A-43B6-9437-74A9E790083D}.Release|Any CPU.Build.0 = Release|Any CPU
	EndGlobalSection
	GlobalSection(SolutionProperties) = preSolution
		HideSolutionNode = FALSE
	EndGlobalSection
	GlobalSection(ExtensibilityGlobals) = postSolution
		SolutionGuid = {98E178F2-D489-4608-B941-637EC5039515}
	EndGlobalSection
EndGlobal
